// !$*UTF8*$!
{
	archiveVersion = 1;
	classes = {
	};
	objectVersion = 56;
	objects = {

/* Begin PBXBuildFile section */
		2035F56929884F680083D1B7 /* AppDelegate.swift in Sources */ = {isa = PBXBuildFile; fileRef = 2035F56829884F680083D1B7 /* AppDelegate.swift */; };
		2035F56B29884F680083D1B7 /* SceneDelegate.swift in Sources */ = {isa = PBXBuildFile; fileRef = 2035F56A29884F680083D1B7 /* SceneDelegate.swift */; };
		2035F57229884F690083D1B7 /* Assets.xcassets in Resources */ = {isa = PBXBuildFile; fileRef = 2035F57129884F690083D1B7 /* Assets.xcassets */; };
		2035F57529884F690083D1B7 /* LaunchScreen.storyboard in Resources */ = {isa = PBXBuildFile; fileRef = 2035F57329884F690083D1B7 /* LaunchScreen.storyboard */; };
		2035F57D2988533D0083D1B7 /* FeedViewController.swift in Sources */ = {isa = PBXBuildFile; fileRef = 2035F57C2988533D0083D1B7 /* FeedViewController.swift */; };
		2035F57F298853550083D1B7 /* ProfileViewController.swift in Sources */ = {isa = PBXBuildFile; fileRef = 2035F57E298853550083D1B7 /* ProfileViewController.swift */; };
		2035F581298854FD0083D1B7 /* UITabBarController.swift in Sources */ = {isa = PBXBuildFile; fileRef = 2035F580298854FD0083D1B7 /* UITabBarController.swift */; };
		2035F583298876F10083D1B7 /* PostViewController.swift in Sources */ = {isa = PBXBuildFile; fileRef = 2035F582298876F10083D1B7 /* PostViewController.swift */; };
		206CE700298932B9008AAFF5 /* Post.swift in Sources */ = {isa = PBXBuildFile; fileRef = 206CE6FF298932B9008AAFF5 /* Post.swift */; };
		206CE70229894580008AAFF5 /* InfoViewController.swift in Sources */ = {isa = PBXBuildFile; fileRef = 206CE70129894580008AAFF5 /* InfoViewController.swift */; };
		20B04D9E29AE2AC4001020EC /* PhotoTableViewCell.swift in Sources */ = {isa = PBXBuildFile; fileRef = 20B04D9D29AE2AC4001020EC /* PhotoTableViewCell.swift */; };
		20B04DA029AE2AE3001020EC /* PhotosCollectionViewCell.swift in Sources */ = {isa = PBXBuildFile; fileRef = 20B04D9F29AE2AE3001020EC /* PhotosCollectionViewCell.swift */; };
		20B04DA229AE2AF8001020EC /* PhotosViewController.swift in Sources */ = {isa = PBXBuildFile; fileRef = 20B04DA129AE2AF8001020EC /* PhotosViewController.swift */; };
		20B04DA429AE2B19001020EC /* PhotoGallery.swift in Sources */ = {isa = PBXBuildFile; fileRef = 20B04DA329AE2B19001020EC /* PhotoGallery.swift */; };
		20B5334329AE321500ED8600 /* UIView+Extension.swift in Sources */ = {isa = PBXBuildFile; fileRef = 20B5334229AE321500ED8600 /* UIView+Extension.swift */; };
		20D8523529ABF39600F78A91 /* Model.swift in Sources */ = {isa = PBXBuildFile; fileRef = 20D8523429ABF39600F78A91 /* Model.swift */; };
		20D8523729ABF3C200F78A91 /* PostTableViewCell.swift in Sources */ = {isa = PBXBuildFile; fileRef = 20D8523629ABF3C200F78A91 /* PostTableViewCell.swift */; };
		20EB0ED92992D2FD00FE2A97 /* ProfileHeaderView.swift in Sources */ = {isa = PBXBuildFile; fileRef = 20EB0ED82992D2FD00FE2A97 /* ProfileHeaderView.swift */; };
		20F0A2AE29A394A8001028C8 /* CustomTextField.swift in Sources */ = {isa = PBXBuildFile; fileRef = 20F0A2AD29A394A8001028C8 /* CustomTextField.swift */; };
		20F0A2B229A4C48F001028C8 /* LogInViewController.swift in Sources */ = {isa = PBXBuildFile; fileRef = 20F0A2B129A4C48F001028C8 /* LogInViewController.swift */; };
		20F0A2D829A5261F001028C8 /* CustomUIColor.swift in Sources */ = {isa = PBXBuildFile; fileRef = 20F0A2D729A5261F001028C8 /* CustomUIColor.swift */; };
/* End PBXBuildFile section */

/* Begin PBXFileReference section */
		2035F56529884F680083D1B7 /* Navigation.app */ = {isa = PBXFileReference; explicitFileType = wrapper.application; includeInIndex = 0; path = Navigation.app; sourceTree = BUILT_PRODUCTS_DIR; };
		2035F56829884F680083D1B7 /* AppDelegate.swift */ = {isa = PBXFileReference; lastKnownFileType = sourcecode.swift; path = AppDelegate.swift; sourceTree = "<group>"; };
		2035F56A29884F680083D1B7 /* SceneDelegate.swift */ = {isa = PBXFileReference; lastKnownFileType = sourcecode.swift; path = SceneDelegate.swift; sourceTree = "<group>"; };
		2035F57129884F690083D1B7 /* Assets.xcassets */ = {isa = PBXFileReference; lastKnownFileType = folder.assetcatalog; path = Assets.xcassets; sourceTree = "<group>"; };
		2035F57429884F690083D1B7 /* Base */ = {isa = PBXFileReference; lastKnownFileType = file.storyboard; name = Base; path = Base.lproj/LaunchScreen.storyboard; sourceTree = "<group>"; };
		2035F57629884F690083D1B7 /* Info.plist */ = {isa = PBXFileReference; lastKnownFileType = text.plist.xml; path = Info.plist; sourceTree = "<group>"; };
		2035F57C2988533D0083D1B7 /* FeedViewController.swift */ = {isa = PBXFileReference; lastKnownFileType = sourcecode.swift; path = FeedViewController.swift; sourceTree = "<group>"; };
		2035F57E298853550083D1B7 /* ProfileViewController.swift */ = {isa = PBXFileReference; lastKnownFileType = sourcecode.swift; path = ProfileViewController.swift; sourceTree = "<group>"; };
		2035F580298854FD0083D1B7 /* UITabBarController.swift */ = {isa = PBXFileReference; lastKnownFileType = sourcecode.swift; path = UITabBarController.swift; sourceTree = "<group>"; };
		2035F582298876F10083D1B7 /* PostViewController.swift */ = {isa = PBXFileReference; lastKnownFileType = sourcecode.swift; path = PostViewController.swift; sourceTree = "<group>"; };
		206CE6FF298932B9008AAFF5 /* Post.swift */ = {isa = PBXFileReference; lastKnownFileType = sourcecode.swift; path = Post.swift; sourceTree = "<group>"; };
		206CE70129894580008AAFF5 /* InfoViewController.swift */ = {isa = PBXFileReference; lastKnownFileType = sourcecode.swift; path = InfoViewController.swift; sourceTree = "<group>"; };
		20B04D9D29AE2AC4001020EC /* PhotoTableViewCell.swift */ = {isa = PBXFileReference; lastKnownFileType = sourcecode.swift; path = PhotoTableViewCell.swift; sourceTree = "<group>"; };
		20B04D9F29AE2AE3001020EC /* PhotosCollectionViewCell.swift */ = {isa = PBXFileReference; lastKnownFileType = sourcecode.swift; path = PhotosCollectionViewCell.swift; sourceTree = "<group>"; };
		20B04DA129AE2AF8001020EC /* PhotosViewController.swift */ = {isa = PBXFileReference; lastKnownFileType = sourcecode.swift; path = PhotosViewController.swift; sourceTree = "<group>"; };
		20B04DA329AE2B19001020EC /* PhotoGallery.swift */ = {isa = PBXFileReference; lastKnownFileType = sourcecode.swift; path = PhotoGallery.swift; sourceTree = "<group>"; };
		20B5334229AE321500ED8600 /* UIView+Extension.swift */ = {isa = PBXFileReference; lastKnownFileType = sourcecode.swift; path = "UIView+Extension.swift"; sourceTree = "<group>"; };
		20D8523429ABF39600F78A91 /* Model.swift */ = {isa = PBXFileReference; lastKnownFileType = sourcecode.swift; path = Model.swift; sourceTree = "<group>"; };
		20D8523629ABF3C200F78A91 /* PostTableViewCell.swift */ = {isa = PBXFileReference; lastKnownFileType = sourcecode.swift; path = PostTableViewCell.swift; sourceTree = "<group>"; };
		20EB0ED82992D2FD00FE2A97 /* ProfileHeaderView.swift */ = {isa = PBXFileReference; lastKnownFileType = sourcecode.swift; path = ProfileHeaderView.swift; sourceTree = "<group>"; };
		20F0A2AD29A394A8001028C8 /* CustomTextField.swift */ = {isa = PBXFileReference; lastKnownFileType = sourcecode.swift; path = CustomTextField.swift; sourceTree = "<group>"; };
		20F0A2B129A4C48F001028C8 /* LogInViewController.swift */ = {isa = PBXFileReference; lastKnownFileType = sourcecode.swift; path = LogInViewController.swift; sourceTree = "<group>"; };
		20F0A2D729A5261F001028C8 /* CustomUIColor.swift */ = {isa = PBXFileReference; lastKnownFileType = sourcecode.swift; path = CustomUIColor.swift; sourceTree = "<group>"; };
/* End PBXFileReference section */

/* Begin PBXFrameworksBuildPhase section */
		2035F56229884F680083D1B7 /* Frameworks */ = {
			isa = PBXFrameworksBuildPhase;
			buildActionMask = 2147483647;
			files = (
			);
			runOnlyForDeploymentPostprocessing = 0;
		};
/* End PBXFrameworksBuildPhase section */

/* Begin PBXGroup section */
		2035F55C29884F680083D1B7 = {
			isa = PBXGroup;
			children = (
				2035F56729884F680083D1B7 /* Navigation */,
				2035F56629884F680083D1B7 /* Products */,
			);
			sourceTree = "<group>";
		};
		2035F56629884F680083D1B7 /* Products */ = {
			isa = PBXGroup;
			children = (
				2035F56529884F680083D1B7 /* Navigation.app */,
			);
			name = Products;
			sourceTree = "<group>";
		};
		2035F56729884F680083D1B7 /* Navigation */ = {
			isa = PBXGroup;
			children = (
				20B5334129AE31CC00ED8600 /* Extension */,
				204FA095299ADC7000123E0E /* Data */,
				206CE6FE29893287008AAFF5 /* Post */,
				204FA096299ADC9100123E0E /* UITabBarController */,
				20F0A2B029A4C475001028C8 /* Login */,
				20B04D9C29AE2AB1001020EC /* PhotoTableViewCell */,
				20D8523829ABF77900F78A91 /* PostTableViewCell */,
				20D8523929ABF7A400F78A91 /* Model */,
				20EB0ED72992D2D600FE2A97 /* Profile */,
				204FA099299ADCC400123E0E /* InfoViewController */,
				20F0A2AF29A394AD001028C8 /* Custom */,
				204FA097299ADCA900123E0E /* FeedViewController */,
				2035F57129884F690083D1B7 /* Assets.xcassets */,
				2035F57329884F690083D1B7 /* LaunchScreen.storyboard */,
				2035F57629884F690083D1B7 /* Info.plist */,
			);
			path = Navigation;
			sourceTree = "<group>";
		};
		204FA095299ADC7000123E0E /* Data */ = {
			isa = PBXGroup;
			children = (
				2035F56829884F680083D1B7 /* AppDelegate.swift */,
				2035F56A29884F680083D1B7 /* SceneDelegate.swift */,
			);
			path = Data;
			sourceTree = "<group>";
		};
		204FA096299ADC9100123E0E /* UITabBarController */ = {
			isa = PBXGroup;
			children = (
				2035F580298854FD0083D1B7 /* UITabBarController.swift */,
			);
			path = UITabBarController;
			sourceTree = "<group>";
		};
		204FA097299ADCA900123E0E /* FeedViewController */ = {
			isa = PBXGroup;
			children = (
				2035F57C2988533D0083D1B7 /* FeedViewController.swift */,
			);
			path = FeedViewController;
			sourceTree = "<group>";
		};
		204FA099299ADCC400123E0E /* InfoViewController */ = {
			isa = PBXGroup;
			children = (
				206CE70129894580008AAFF5 /* InfoViewController.swift */,
			);
			path = InfoViewController;
			sourceTree = "<group>";
		};
		206CE6FE29893287008AAFF5 /* Post */ = {
			isa = PBXGroup;
			children = (
				206CE6FF298932B9008AAFF5 /* Post.swift */,
				2035F582298876F10083D1B7 /* PostViewController.swift */,
			);
			path = Post;
			sourceTree = "<group>";
		};
		20B04D9C29AE2AB1001020EC /* PhotoTableViewCell */ = {
			isa = PBXGroup;
			children = (
				20B04D9D29AE2AC4001020EC /* PhotoTableViewCell.swift */,
				20B04D9F29AE2AE3001020EC /* PhotosCollectionViewCell.swift */,
				20B04DA129AE2AF8001020EC /* PhotosViewController.swift */,
				20B04DA329AE2B19001020EC /* PhotoGallery.swift */,
			);
			path = PhotoTableViewCell;
			sourceTree = "<group>";
		};
		20B5334129AE31CC00ED8600 /* Extension */ = {
			isa = PBXGroup;
			children = (
				20B5334229AE321500ED8600 /* UIView+Extension.swift */,
			);
			path = Extension;
			sourceTree = "<group>";
		};
		20D8523829ABF77900F78A91 /* PostTableViewCell */ = {
			isa = PBXGroup;
			children = (
				20D8523629ABF3C200F78A91 /* PostTableViewCell.swift */,
			);
			path = PostTableViewCell;
			sourceTree = "<group>";
		};
		20D8523929ABF7A400F78A91 /* Model */ = {
			isa = PBXGroup;
			children = (
				20D8523429ABF39600F78A91 /* Model.swift */,
			);
			path = Model;
			sourceTree = "<group>";
		};
		20EB0ED72992D2D600FE2A97 /* Profile */ = {
			isa = PBXGroup;
			children = (
				20EB0ED82992D2FD00FE2A97 /* ProfileHeaderView.swift */,
				2035F57E298853550083D1B7 /* ProfileViewController.swift */,
			);
			path = Profile;
			sourceTree = "<group>";
		};
		20F0A2AF29A394AD001028C8 /* Custom */ = {
			isa = PBXGroup;
			children = (
				20F0A2AD29A394A8001028C8 /* CustomTextField.swift */,
				20F0A2D729A5261F001028C8 /* CustomUIColor.swift */,
			);
			path = Custom;
			sourceTree = "<group>";
		};
		20F0A2B029A4C475001028C8 /* Login */ = {
			isa = PBXGroup;
			children = (
				20F0A2B129A4C48F001028C8 /* LogInViewController.swift */,
			);
			path = Login;
			sourceTree = "<group>";
		};
/* End PBXGroup section */

/* Begin PBXNativeTarget section */
		2035F56429884F680083D1B7 /* Navigation */ = {
			isa = PBXNativeTarget;
			buildConfigurationList = 2035F57929884F690083D1B7 /* Build configuration list for PBXNativeTarget "Navigation" */;
			buildPhases = (
				2035F56129884F680083D1B7 /* Sources */,
				2035F56229884F680083D1B7 /* Frameworks */,
				2035F56329884F680083D1B7 /* Resources */,
			);
			buildRules = (
			);
			dependencies = (
			);
			name = Navigation;
			productName = Navigation;
			productReference = 2035F56529884F680083D1B7 /* Navigation.app */;
			productType = "com.apple.product-type.application";
		};
/* End PBXNativeTarget section */

/* Begin PBXProject section */
		2035F55D29884F680083D1B7 /* Project object */ = {
			isa = PBXProject;
			attributes = {
				BuildIndependentTargetsInParallel = 1;
				LastSwiftUpdateCheck = 1420;
				LastUpgradeCheck = 1420;
				TargetAttributes = {
					2035F56429884F680083D1B7 = {
						CreatedOnToolsVersion = 14.2;
					};
				};
			};
			buildConfigurationList = 2035F56029884F680083D1B7 /* Build configuration list for PBXProject "Navigation" */;
			compatibilityVersion = "Xcode 14.0";
			developmentRegion = en;
			hasScannedForEncodings = 0;
			knownRegions = (
				en,
				Base,
			);
			mainGroup = 2035F55C29884F680083D1B7;
			productRefGroup = 2035F56629884F680083D1B7 /* Products */;
			projectDirPath = "";
			projectRoot = "";
			targets = (
				2035F56429884F680083D1B7 /* Navigation */,
			);
		};
/* End PBXProject section */

/* Begin PBXResourcesBuildPhase section */
		2035F56329884F680083D1B7 /* Resources */ = {
			isa = PBXResourcesBuildPhase;
			buildActionMask = 2147483647;
			files = (
				2035F57529884F690083D1B7 /* LaunchScreen.storyboard in Resources */,
				2035F57229884F690083D1B7 /* Assets.xcassets in Resources */,
			);
			runOnlyForDeploymentPostprocessing = 0;
		};
/* End PBXResourcesBuildPhase section */

/* Begin PBXSourcesBuildPhase section */
		2035F56129884F680083D1B7 /* Sources */ = {
			isa = PBXSourcesBuildPhase;
			buildActionMask = 2147483647;
			files = (
				20B04D9E29AE2AC4001020EC /* PhotoTableViewCell.swift in Sources */,
				2035F583298876F10083D1B7 /* PostViewController.swift in Sources */,
				20D8523729ABF3C200F78A91 /* PostTableViewCell.swift in Sources */,
				20F0A2AE29A394A8001028C8 /* CustomTextField.swift in Sources */,
				20F0A2B229A4C48F001028C8 /* LogInViewController.swift in Sources */,
				20F0A2D829A5261F001028C8 /* CustomUIColor.swift in Sources */,
				20B04DA429AE2B19001020EC /* PhotoGallery.swift in Sources */,
				2035F581298854FD0083D1B7 /* UITabBarController.swift in Sources */,
				2035F56929884F680083D1B7 /* AppDelegate.swift in Sources */,
				20B04DA229AE2AF8001020EC /* PhotosViewController.swift in Sources */,
				20D8523529ABF39600F78A91 /* Model.swift in Sources */,
				2035F57F298853550083D1B7 /* ProfileViewController.swift in Sources */,
				20B5334329AE321500ED8600 /* UIView+Extension.swift in Sources */,
				20EB0ED92992D2FD00FE2A97 /* ProfileHeaderView.swift in Sources */,
				2035F57D2988533D0083D1B7 /* FeedViewController.swift in Sources */,
				206CE700298932B9008AAFF5 /* Post.swift in Sources */,
				20B04DA029AE2AE3001020EC /* PhotosCollectionViewCell.swift in Sources */,
				206CE70229894580008AAFF5 /* InfoViewController.swift in Sources */,
				2035F56B29884F680083D1B7 /* SceneDelegate.swift in Sources */,
			);
			runOnlyForDeploymentPostprocessing = 0;
		};
/* End PBXSourcesBuildPhase section */

/* Begin PBXVariantGroup section */
		2035F57329884F690083D1B7 /* LaunchScreen.storyboard */ = {
			isa = PBXVariantGroup;
			children = (
				2035F57429884F690083D1B7 /* Base */,
			);
			name = LaunchScreen.storyboard;
			sourceTree = "<group>";
		};
/* End PBXVariantGroup section */

/* Begin XCBuildConfiguration section */
		2035F57729884F690083D1B7 /* Debug */ = {
			isa = XCBuildConfiguration;
			buildSettings = {
				ALWAYS_SEARCH_USER_PATHS = NO;
				CLANG_ANALYZER_NONNULL = YES;
				CLANG_ANALYZER_NUMBER_OBJECT_CONVERSION = YES_AGGRESSIVE;
				CLANG_CXX_LANGUAGE_STANDARD = "gnu++20";
				CLANG_ENABLE_MODULES = YES;
				CLANG_ENABLE_OBJC_ARC = YES;
				CLANG_ENABLE_OBJC_WEAK = YES;
				CLANG_WARN_BLOCK_CAPTURE_AUTORELEASING = YES;
				CLANG_WARN_BOOL_CONVERSION = YES;
				CLANG_WARN_COMMA = YES;
				CLANG_WARN_CONSTANT_CONVERSION = YES;
				CLANG_WARN_DEPRECATED_OBJC_IMPLEMENTATIONS = YES;
				CLANG_WARN_DIRECT_OBJC_ISA_USAGE = YES_ERROR;
				CLANG_WARN_DOCUMENTATION_COMMENTS = YES;
				CLANG_WARN_EMPTY_BODY = YES;
				CLANG_WARN_ENUM_CONVERSION = YES;
				CLANG_WARN_INFINITE_RECURSION = YES;
				CLANG_WARN_INT_CONVERSION = YES;
				CLANG_WARN_NON_LITERAL_NULL_CONVERSION = YES;
				CLANG_WARN_OBJC_IMPLICIT_RETAIN_SELF = YES;
				CLANG_WARN_OBJC_LITERAL_CONVERSION = YES;
				CLANG_WARN_OBJC_ROOT_CLASS = YES_ERROR;
				CLANG_WARN_QUOTED_INCLUDE_IN_FRAMEWORK_HEADER = YES;
				CLANG_WARN_RANGE_LOOP_ANALYSIS = YES;
				CLANG_WARN_STRICT_PROTOTYPES = YES;
				CLANG_WARN_SUSPICIOUS_MOVE = YES;
				CLANG_WARN_UNGUARDED_AVAILABILITY = YES_AGGRESSIVE;
				CLANG_WARN_UNREACHABLE_CODE = YES;
				CLANG_WARN__DUPLICATE_METHOD_MATCH = YES;
				COPY_PHASE_STRIP = NO;
				DEBUG_INFORMATION_FORMAT = dwarf;
				ENABLE_STRICT_OBJC_MSGSEND = YES;
				ENABLE_TESTABILITY = YES;
				GCC_C_LANGUAGE_STANDARD = gnu11;
				GCC_DYNAMIC_NO_PIC = NO;
				GCC_NO_COMMON_BLOCKS = YES;
				GCC_OPTIMIZATION_LEVEL = 0;
				GCC_PREPROCESSOR_DEFINITIONS = (
					"DEBUG=1",
					"$(inherited)",
				);
				GCC_WARN_64_TO_32_BIT_CONVERSION = YES;
				GCC_WARN_ABOUT_RETURN_TYPE = YES_ERROR;
				GCC_WARN_UNDECLARED_SELECTOR = YES;
				GCC_WARN_UNINITIALIZED_AUTOS = YES_AGGRESSIVE;
				GCC_WARN_UNUSED_FUNCTION = YES;
				GCC_WARN_UNUSED_VARIABLE = YES;
				IPHONEOS_DEPLOYMENT_TARGET = 16.2;
				MTL_ENABLE_DEBUG_INFO = INCLUDE_SOURCE;
				MTL_FAST_MATH = YES;
				ONLY_ACTIVE_ARCH = YES;
				SDKROOT = iphoneos;
				SWIFT_ACTIVE_COMPILATION_CONDITIONS = DEBUG;
				SWIFT_OPTIMIZATION_LEVEL = "-Onone";
			};
			name = Debug;
		};
		2035F57829884F690083D1B7 /* Release */ = {
			isa = XCBuildConfiguration;
			buildSettings = {
				ALWAYS_SEARCH_USER_PATHS = NO;
				CLANG_ANALYZER_NONNULL = YES;
				CLANG_ANALYZER_NUMBER_OBJECT_CONVERSION = YES_AGGRESSIVE;
				CLANG_CXX_LANGUAGE_STANDARD = "gnu++20";
				CLANG_ENABLE_MODULES = YES;
				CLANG_ENABLE_OBJC_ARC = YES;
				CLANG_ENABLE_OBJC_WEAK = YES;
				CLANG_WARN_BLOCK_CAPTURE_AUTORELEASING = YES;
				CLANG_WARN_BOOL_CONVERSION = YES;
				CLANG_WARN_COMMA = YES;
				CLANG_WARN_CONSTANT_CONVERSION = YES;
				CLANG_WARN_DEPRECATED_OBJC_IMPLEMENTATIONS = YES;
				CLANG_WARN_DIRECT_OBJC_ISA_USAGE = YES_ERROR;
				CLANG_WARN_DOCUMENTATION_COMMENTS = YES;
				CLANG_WARN_EMPTY_BODY = YES;
				CLANG_WARN_ENUM_CONVERSION = YES;
				CLANG_WARN_INFINITE_RECURSION = YES;
				CLANG_WARN_INT_CONVERSION = YES;
				CLANG_WARN_NON_LITERAL_NULL_CONVERSION = YES;
				CLANG_WARN_OBJC_IMPLICIT_RETAIN_SELF = YES;
				CLANG_WARN_OBJC_LITERAL_CONVERSION = YES;
				CLANG_WARN_OBJC_ROOT_CLASS = YES_ERROR;
				CLANG_WARN_QUOTED_INCLUDE_IN_FRAMEWORK_HEADER = YES;
				CLANG_WARN_RANGE_LOOP_ANALYSIS = YES;
				CLANG_WARN_STRICT_PROTOTYPES = YES;
				CLANG_WARN_SUSPICIOUS_MOVE = YES;
				CLANG_WARN_UNGUARDED_AVAILABILITY = YES_AGGRESSIVE;
				CLANG_WARN_UNREACHABLE_CODE = YES;
				CLANG_WARN__DUPLICATE_METHOD_MATCH = YES;
				COPY_PHASE_STRIP = NO;
				DEBUG_INFORMATION_FORMAT = "dwarf-with-dsym";
				ENABLE_NS_ASSERTIONS = NO;
				ENABLE_STRICT_OBJC_MSGSEND = YES;
				GCC_C_LANGUAGE_STANDARD = gnu11;
				GCC_NO_COMMON_BLOCKS = YES;
				GCC_WARN_64_TO_32_BIT_CONVERSION = YES;
				GCC_WARN_ABOUT_RETURN_TYPE = YES_ERROR;
				GCC_WARN_UNDECLARED_SELECTOR = YES;
				GCC_WARN_UNINITIALIZED_AUTOS = YES_AGGRESSIVE;
				GCC_WARN_UNUSED_FUNCTION = YES;
				GCC_WARN_UNUSED_VARIABLE = YES;
				IPHONEOS_DEPLOYMENT_TARGET = 16.2;
				MTL_ENABLE_DEBUG_INFO = NO;
				MTL_FAST_MATH = YES;
				SDKROOT = iphoneos;
				SWIFT_COMPILATION_MODE = wholemodule;
				SWIFT_OPTIMIZATION_LEVEL = "-O";
				VALIDATE_PRODUCT = YES;
			};
			name = Release;
		};
		2035F57A29884F690083D1B7 /* Debug */ = {
			isa = XCBuildConfiguration;
			buildSettings = {
				ASSETCATALOG_COMPILER_APPICON_NAME = AppIcon;
				ASSETCATALOG_COMPILER_GLOBAL_ACCENT_COLOR_NAME = AccentColor;
				CODE_SIGN_STYLE = Automatic;
				CURRENT_PROJECT_VERSION = 1;
				DEVELOPMENT_TEAM = W2P9X4349P;
				GENERATE_INFOPLIST_FILE = YES;
				INFOPLIST_FILE = Navigation/Info.plist;
				INFOPLIST_KEY_UIApplicationSupportsIndirectInputEvents = YES;
				INFOPLIST_KEY_UILaunchStoryboardName = LaunchScreen;
				INFOPLIST_KEY_UISupportedInterfaceOrientations_iPad = "UIInterfaceOrientationPortrait UIInterfaceOrientationPortraitUpsideDown UIInterfaceOrientationLandscapeLeft UIInterfaceOrientationLandscapeRight";
				INFOPLIST_KEY_UISupportedInterfaceOrientations_iPhone = "UIInterfaceOrientationPortrait UIInterfaceOrientationLandscapeLeft UIInterfaceOrientationLandscapeRight";
				LD_RUNPATH_SEARCH_PATHS = (
					"$(inherited)",
					"@executable_path/Frameworks",
				);
				MARKETING_VERSION = 1.0;
				PRODUCT_BUNDLE_IDENTIFIER = "grinkonikolka-yandex.ru.Navigation";
				PRODUCT_NAME = "$(TARGET_NAME)";
				SWIFT_EMIT_LOC_STRINGS = YES;
				SWIFT_VERSION = 5.0;
				TARGETED_DEVICE_FAMILY = "1,2";
			};
			name = Debug;
		};
		2035F57B29884F690083D1B7 /* Release */ = {
			isa = XCBuildConfiguration;
			buildSettings = {
				ASSETCATALOG_COMPILER_APPICON_NAME = AppIcon;
				ASSETCATALOG_COMPILER_GLOBAL_ACCENT_COLOR_NAME = AccentColor;
				CODE_SIGN_STYLE = Automatic;
				CURRENT_PROJECT_VERSION = 1;
				DEVELOPMENT_TEAM = W2P9X4349P;
				GENERATE_INFOPLIST_FILE = YES;
				INFOPLIST_FILE = Navigation/Info.plist;
				INFOPLIST_KEY_UIApplicationSupportsIndirectInputEvents = YES;
				INFOPLIST_KEY_UILaunchStoryboardName = LaunchScreen;
				INFOPLIST_KEY_UISupportedInterfaceOrientations_iPad = "UIInterfaceOrientationPortrait UIInterfaceOrientationPortraitUpsideDown UIInterfaceOrientationLandscapeLeft UIInterfaceOrientationLandscapeRight";
				INFOPLIST_KEY_UISupportedInterfaceOrientations_iPhone = "UIInterfaceOrientationPortrait UIInterfaceOrientationLandscapeLeft UIInterfaceOrientationLandscapeRight";
				LD_RUNPATH_SEARCH_PATHS = (
					"$(inherited)",
					"@executable_path/Frameworks",
				);
				MARKETING_VERSION = 1.0;
				PRODUCT_BUNDLE_IDENTIFIER = "grinkonikolka-yandex.ru.Navigation";
				PRODUCT_NAME = "$(TARGET_NAME)";
				SWIFT_EMIT_LOC_STRINGS = YES;
				SWIFT_VERSION = 5.0;
				TARGETED_DEVICE_FAMILY = "1,2";
			};
			name = Release;
		};
/* End XCBuildConfiguration section */

/* Begin XCConfigurationList section */
		2035F56029884F680083D1B7 /* Build configuration list for PBXProject "Navigation" */ = {
			isa = XCConfigurationList;
			buildConfigurations = (
				2035F57729884F690083D1B7 /* Debug */,
				2035F57829884F690083D1B7 /* Release */,
			);
			defaultConfigurationIsVisible = 0;
			defaultConfigurationName = Release;
		};
		2035F57929884F690083D1B7 /* Build configuration list for PBXNativeTarget "Navigation" */ = {
			isa = XCConfigurationList;
			buildConfigurations = (
				2035F57A29884F690083D1B7 /* Debug */,
				2035F57B29884F690083D1B7 /* Release */,
			);
			defaultConfigurationIsVisible = 0;
			defaultConfigurationName = Release;
		};
/* End XCConfigurationList section */
	};
	rootObject = 2035F55D29884F680083D1B7 /* Project object */;
}
